
Microsoft Visual Studio Solution File, Format Version 12.00
# Visual Studio Version 17
VisualStudioVersion = 17.13.35931.197 d17.13
MinimumVisualStudioVersion = 10.0.40219.1
Project("{FAE04EC0-301F-11D3-BF4B-00C04F79EFBC}") = "03_Propriedades", "03_Propriedades.csproj", "{43061293-5405-4556-90ED-90F96E8BF19E}"
EndProject
Global
	GlobalSection(SolutionConfigurationPlatforms) = preSolution
		Debug|Any CPU = Debug|Any CPU
		Release|Any CPU = Release|Any CPU
	EndGlobalSection
	GlobalSection(ProjectConfigurationPlatforms) = postSolution
		{43061293-5405-4556-90ED-90F96E8BF19E}.Debug|Any CPU.ActiveCfg = Debug|Any CPU
		{43061293-5405-4556-90ED-90F96E8BF19E}.Debug|Any CPU.Build.0 = Debug|Any CPU
		{43061293-5405-4556-90ED-90F96E8BF19E}.Release|Any CPU.ActiveCfg = Release|Any CPU
		{43061293-5405-4556-90ED-90F96E8BF19E}.Release|Any CPU.Build.0 = Release|Any CPU
	EndGlobalSection
	GlobalSection(SolutionProperties) = preSolution
		HideSolutionNode = FALSE
	EndGlobalSection
	GlobalSection(ExtensibilityGlobals) = postSolution
		SolutionGuid = {DBA665D7-FFB3-4CE0-B227-B3E41D2A8A1A}
	EndGlobalSection
EndGlobal
