
Microsoft Visual Studio Solution File, Format Version 12.00
# Visual Studio Version 17
VisualStudioVersion = 17.13.35931.197 d17.13
MinimumVisualStudioVersion = 10.0.40219.1
Project("{FAE04EC0-301F-11D3-BF4B-00C04F79EFBC}") = "23_LeituraArquivoComExcecao", "23_LeituraArquivoComExcecao.csproj", "{4A5D4D4C-CD21-4852-897A-B5515AF8BCA8}"
EndProject
Global
	GlobalSection(SolutionConfigurationPlatforms) = preSolution
		Debug|Any CPU = Debug|Any CPU
		Release|Any CPU = Release|Any CPU
	EndGlobalSection
	GlobalSection(ProjectConfigurationPlatforms) = postSolution
		{4A5D4D4C-CD21-4852-897A-B5515AF8BCA8}.Debug|Any CPU.ActiveCfg = Debug|Any CPU
		{4A5D4D4C-CD21-4852-897A-B5515AF8BCA8}.Debug|Any CPU.Build.0 = Debug|Any CPU
		{4A5D4D4C-CD21-4852-897A-B5515AF8BCA8}.Release|Any CPU.ActiveCfg = Release|Any CPU
		{4A5D4D4C-CD21-4852-897A-B5515AF8BCA8}.Release|Any CPU.Build.0 = Release|Any CPU
	EndGlobalSection
	GlobalSection(SolutionProperties) = preSolution
		HideSolutionNode = FALSE
	EndGlobalSection
	GlobalSection(ExtensibilityGlobals) = postSolution
		SolutionGuid = {61FA57F0-2EDD-4036-8656-5E54A564D58B}
	EndGlobalSection
EndGlobal
