
Microsoft Visual Studio Solution File, Format Version 12.00
# Visual Studio Version 17
VisualStudioVersion = 17.13.35931.197 d17.13
MinimumVisualStudioVersion = 10.0.40219.1
Project("{FAE04EC0-301F-11D3-BF4B-00C04F79EFBC}") = "16_Enum", "16_Enum.csproj", "{C34D8629-4729-4911-BD86-36EB3954469E}"
EndProject
Global
	GlobalSection(SolutionConfigurationPlatforms) = preSolution
		Debug|Any CPU = Debug|Any CPU
		Release|Any CPU = Release|Any CPU
	EndGlobalSection
	GlobalSection(ProjectConfigurationPlatforms) = postSolution
		{C34D8629-4729-4911-BD86-36EB3954469E}.Debug|Any CPU.ActiveCfg = Debug|Any CPU
		{C34D8629-4729-4911-BD86-36EB3954469E}.Debug|Any CPU.Build.0 = Debug|Any CPU
		{C34D8629-4729-4911-BD86-36EB3954469E}.Release|Any CPU.ActiveCfg = Release|Any CPU
		{C34D8629-4729-4911-BD86-36EB3954469E}.Release|Any CPU.Build.0 = Release|Any CPU
	EndGlobalSection
	GlobalSection(SolutionProperties) = preSolution
		HideSolutionNode = FALSE
	EndGlobalSection
	GlobalSection(ExtensibilityGlobals) = postSolution
		SolutionGuid = {AA9788B4-91A7-4727-8D6B-2C794305DB55}
	EndGlobalSection
EndGlobal
